Microsoft Visual Studio Solution File, Format Version 12.00
# Visual Studio 15
VisualStudioVersion = 15.0.27130.2026
MinimumVisualStudioVersion = 15.0.26124.0
Project("{9A19103F-16F7-4668-BE54-9A1E7A4F7556}") = "Checkers", "Checkers\Checkers.csproj", "{4938502D-5FF7-4C3B-AA22-DEB2D238125B}"
EndProject
Project("{9A19103F-16F7-4668-BE54-9A1E7A4F7556}") = "Checkers.Test", "Checkers.Test\Checkers.Test.csproj", "{AA498EC6-1718-4CB0-A212-8DD0045B8A99}"
EndProject
Global
	GlobalSection(SolutionConfigurationPlatforms) = preSolution
		Debug|Any CPU = Debug|Any CPU
		Debug|x64 = Debug|x64
		Debug|x86 = Debug|x86
		Release|Any CPU = Release|Any CPU
		Release|x64 = Release|x64
		Release|x86 = Release|x86
	EndGlobalSection
	GlobalSection(ProjectConfigurationPlatforms) = postSolution
		{4938502D-5FF7-4C3B-AA22-DEB2D238125B}.Debug|Any CPU.ActiveCfg = Debug|Any CPU
		{4938502D-5FF7-4C3B-AA22-DEB2D238125B}.Debug|Any CPU.Build.0 = Debug|Any CPU
		{4938502D-5FF7-4C3B-AA22-DEB2D238125B}.Debug|x64.ActiveCfg = Debug|Any CPU
		{4938502D-5FF7-4C3B-AA22-DEB2D238125B}.Debug|x64.Build.0 = Debug|Any CPU
		{4938502D-5FF7-4C3B-AA22-DEB2D238125B}.Debug|x86.ActiveCfg = Debug|Any CPU
		{4938502D-5FF7-4C3B-AA22-DEB2D238125B}.Debug|x86.Build.0 = Debug|Any CPU
		{4938502D-5FF7-4C3B-AA22-DEB2D238125B}.Release|Any CPU.ActiveCfg = Release|Any CPU
		{4938502D-5FF7-4C3B-AA22-DEB2D238125B}.Release|Any CPU.Build.0 = Release|Any CPU
		{4938502D-5FF7-4C3B-AA22-DEB2D238125B}.Release|x64.ActiveCfg = Release|Any CPU
		{4938502D-5FF7-4C3B-AA22-DEB2D238125B}.Release|x64.Build.0 = Release|Any CPU
		{4938502D-5FF7-4C3B-AA22-DEB2D238125B}.Release|x86.ActiveCfg = Release|Any CPU
		{4938502D-5FF7-4C3B-AA22-DEB2D238125B}.Release|x86.Build.0 = Release|Any CPU
		{AA498EC6-1718-4CB0-A212-8DD0045B8A99}.Debug|Any CPU.ActiveCfg = Debug|Any CPU
		{AA498EC6-1718-4CB0-A212-8DD0045B8A99}.Debug|Any CPU.Build.0 = Debug|Any CPU
		{AA498EC6-1718-4CB0-A212-8DD0045B8A99}.Debug|x64.ActiveCfg = Debug|Any CPU
		{AA498EC6-1718-4CB0-A212-8DD0045B8A99}.Debug|x64.Build.0 = Debug|Any CPU
		{AA498EC6-1718-4CB0-A212-8DD0045B8A99}.Debug|x86.ActiveCfg = Debug|Any CPU
		{AA498EC6-1718-4CB0-A212-8DD0045B8A99}.Debug|x86.Build.0 = Debug|Any CPU
		{AA498EC6-1718-4CB0-A212-8DD0045B8A99}.Release|Any CPU.ActiveCfg = Release|Any CPU
		{AA498EC6-1718-4CB0-A212-8DD0045B8A99}.Release|Any CPU.Build.0 = Release|Any CPU
		{AA498EC6-1718-4CB0-A212-8DD0045B8A99}.Release|x64.ActiveCfg = Release|Any CPU
		{AA498EC6-1718-4CB0-A212-8DD0045B8A99}.Release|x64.Build.0 = Release|Any CPU
		{AA498EC6-1718-4CB0-A212-8DD0045B8A99}.Release|x86.ActiveCfg = Release|Any CPU
		{AA498EC6-1718-4CB0-A212-8DD0045B8A99}.Release|x86.Build.0 = Release|Any CPU
	EndGlobalSection
	GlobalSection(SolutionProperties) = preSolution
		HideSolutionNode = FALSE
	EndGlobalSection
	GlobalSection(ExtensibilityGlobals) = postSolution
		SolutionGuid = {2CCC8A9A-E282-4473-8842-4F467F27D901}
	EndGlobalSection
EndGlobal
